
Microsoft Visual Studio Solution File, Format Version 12.00
# Visual Studio Version 17
VisualStudioVersion = 17.0.32126.317
MinimumVisualStudioVersion = 10.0.40219.1
Project("{9A19103F-16F7-4668-BE54-9A1E7A4F7556}") = "Password Security", "Password Security\Password Security.csproj", "{7F3CF1FA-5506-4B21-8109-944DA800EF4E}"
EndProject
Project("{FAE04EC0-301F-11D3-BF4B-00C04F79EFBC}") = "JwtAuthentication.Common", "JwtAuthentication.Common\JwtAuthentication.Common.csproj", "{3BEE555C-E7A6-4BF0-9607-F53FEABBE102}"
EndProject
Project("{FAE04EC0-301F-11D3-BF4B-00C04F79EFBC}") = "JwtAuthentication.Utils", "JwtAuthentication.Utils\JwtAuthentication.Utils.csproj", "{6F6B60EE-A8D8-4659-9352-383DEF245B38}"
EndProject
Project("{9A19103F-16F7-4668-BE54-9A1E7A4F7556}") = "JwtAuthentication.Database", "JwtAuthentication.Database\JwtAuthentication.Database.csproj", "{653B61C0-3AA0-44C7-8841-CD2E6A7D2B1C}"
EndProject
Project("{9A19103F-16F7-4668-BE54-9A1E7A4F7556}") = "JwtAuthentication.Gui", "JwtAuthentication.Gui\JwtAuthentication.Gui.csproj", "{F372CC54-DDDE-425F-84D6-339687C53975}"
EndProject
Global
	GlobalSection(SolutionConfigurationPlatforms) = preSolution
		Debug|Any CPU = Debug|Any CPU
		Release|Any CPU = Release|Any CPU
	EndGlobalSection
	GlobalSection(ProjectConfigurationPlatforms) = postSolution
		{7F3CF1FA-5506-4B21-8109-944DA800EF4E}.Debug|Any CPU.ActiveCfg = Debug|Any CPU
		{7F3CF1FA-5506-4B21-8109-944DA800EF4E}.Debug|Any CPU.Build.0 = Debug|Any CPU
		{7F3CF1FA-5506-4B21-8109-944DA800EF4E}.Release|Any CPU.ActiveCfg = Release|Any CPU
		{7F3CF1FA-5506-4B21-8109-944DA800EF4E}.Release|Any CPU.Build.0 = Release|Any CPU
		{3BEE555C-E7A6-4BF0-9607-F53FEABBE102}.Debug|Any CPU.ActiveCfg = Debug|Any CPU
		{3BEE555C-E7A6-4BF0-9607-F53FEABBE102}.Debug|Any CPU.Build.0 = Debug|Any CPU
		{3BEE555C-E7A6-4BF0-9607-F53FEABBE102}.Release|Any CPU.ActiveCfg = Release|Any CPU
		{3BEE555C-E7A6-4BF0-9607-F53FEABBE102}.Release|Any CPU.Build.0 = Release|Any CPU
		{6F6B60EE-A8D8-4659-9352-383DEF245B38}.Debug|Any CPU.ActiveCfg = Debug|Any CPU
		{6F6B60EE-A8D8-4659-9352-383DEF245B38}.Debug|Any CPU.Build.0 = Debug|Any CPU
		{6F6B60EE-A8D8-4659-9352-383DEF245B38}.Release|Any CPU.ActiveCfg = Release|Any CPU
		{6F6B60EE-A8D8-4659-9352-383DEF245B38}.Release|Any CPU.Build.0 = Release|Any CPU
		{653B61C0-3AA0-44C7-8841-CD2E6A7D2B1C}.Debug|Any CPU.ActiveCfg = Debug|Any CPU
		{653B61C0-3AA0-44C7-8841-CD2E6A7D2B1C}.Debug|Any CPU.Build.0 = Debug|Any CPU
		{653B61C0-3AA0-44C7-8841-CD2E6A7D2B1C}.Release|Any CPU.ActiveCfg = Release|Any CPU
		{653B61C0-3AA0-44C7-8841-CD2E6A7D2B1C}.Release|Any CPU.Build.0 = Release|Any CPU
		{F372CC54-DDDE-425F-84D6-339687C53975}.Debug|Any CPU.ActiveCfg = Debug|Any CPU
		{F372CC54-DDDE-425F-84D6-339687C53975}.Debug|Any CPU.Build.0 = Debug|Any CPU
		{F372CC54-DDDE-425F-84D6-339687C53975}.Release|Any CPU.ActiveCfg = Release|Any CPU
		{F372CC54-DDDE-425F-84D6-339687C53975}.Release|Any CPU.Build.0 = Release|Any CPU
	EndGlobalSection
	GlobalSection(SolutionProperties) = preSolution
		HideSolutionNode = FALSE
	EndGlobalSection
	GlobalSection(ExtensibilityGlobals) = postSolution
		SolutionGuid = {88D5D338-FB88-429E-AA39-CD18D2BEEAE0}
	EndGlobalSection
EndGlobal
